// !$*UTF8*$!
{
	archiveVersion = 1;
	classes = {
	};
	objectVersion = 50;
	objects = {

/* Begin PBXBuildFile section */
		B270AF2C257E82780069E321 /* PinPass.storyboard in Resources */ = {isa = PBXBuildFile; fileRef = B270AF2B257E82780069E321 /* PinPass.storyboard */; };
		B270AF31257E997E0069E321 /* PinPassViewController.swift in Sources */ = {isa = PBXBuildFile; fileRef = B270AF30257E997E0069E321 /* PinPassViewController.swift */; };
		B282ED70256F78FA0066DFC1 /* Note+CoreDataClass.swift in Sources */ = {isa = PBXBuildFile; fileRef = B282ED6E256F78FA0066DFC1 /* Note+CoreDataClass.swift */; };
		B282ED71256F78FA0066DFC1 /* Note+CoreDataProperties.swift in Sources */ = {isa = PBXBuildFile; fileRef = B282ED6F256F78FA0066DFC1 /* Note+CoreDataProperties.swift */; };
		B282ED91256F89440066DFC1 /* CoreDataStack.swift in Sources */ = {isa = PBXBuildFile; fileRef = B282ED90256F89440066DFC1 /* CoreDataStack.swift */; };
		B2E5E94F25646ABF00D485D7 /* AnotesModel.xcdatamodeld in Sources */ = {isa = PBXBuildFile; fileRef = B2E5E94D25646ABF00D485D7 /* AnotesModel.xcdatamodeld */; };
		EB0663392551B24E00EC36C5 /* NoteDetailViewController.swift in Sources */ = {isa = PBXBuildFile; fileRef = EB0663382551B24E00EC36C5 /* NoteDetailViewController.swift */; };
		EB07E1362543F9C40047792B /* AppDelegate.swift in Sources */ = {isa = PBXBuildFile; fileRef = EB07E1352543F9C40047792B /* AppDelegate.swift */; };
		EB07E1382543F9C40047792B /* SceneDelegate.swift in Sources */ = {isa = PBXBuildFile; fileRef = EB07E1372543F9C40047792B /* SceneDelegate.swift */; };
		EB07E13D2543F9C40047792B /* Main.storyboard in Resources */ = {isa = PBXBuildFile; fileRef = EB07E13B2543F9C40047792B /* Main.storyboard */; };
		EB07E13F2543F9C60047792B /* Assets.xcassets in Resources */ = {isa = PBXBuildFile; fileRef = EB07E13E2543F9C60047792B /* Assets.xcassets */; };
		EB07E1422543F9C60047792B /* LaunchScreen.storyboard in Resources */ = {isa = PBXBuildFile; fileRef = EB07E1402543F9C60047792B /* LaunchScreen.storyboard */; };
		EB0D913E254B3C2F000E7DA5 /* NoteDataSource.swift in Sources */ = {isa = PBXBuildFile; fileRef = EB0D913D254B3C2F000E7DA5 /* NoteDataSource.swift */; };
		EB0D9143254B3DED000E7DA5 /* NoteTableViewCell.swift in Sources */ = {isa = PBXBuildFile; fileRef = EB0D9142254B3DED000E7DA5 /* NoteTableViewCell.swift */; };
		EB0D9148254B3F5C000E7DA5 /* UserDataSource.swift in Sources */ = {isa = PBXBuildFile; fileRef = EB0D9147254B3F5C000E7DA5 /* UserDataSource.swift */; };
		EB549935254AA67700F411F4 /* ErrorTitleLocalized.swift in Sources */ = {isa = PBXBuildFile; fileRef = EB549934254AA67700F411F4 /* ErrorTitleLocalized.swift */; };
		EB54993D254AAA1400F411F4 /* ErrorMessageLocalized.swift in Sources */ = {isa = PBXBuildFile; fileRef = EB54993C254AAA1400F411F4 /* ErrorMessageLocalized.swift */; };
		EB549942254ABB1000F411F4 /* ButtonLabelLocalized.swift in Sources */ = {isa = PBXBuildFile; fileRef = EB549941254ABB1000F411F4 /* ButtonLabelLocalized.swift */; };
		EB549947254ABBC200F411F4 /* TitleLocalized.swift in Sources */ = {isa = PBXBuildFile; fileRef = EB549946254ABBC200F411F4 /* TitleLocalized.swift */; };
		EB54994C254ABBF400F411F4 /* MessagesLocalized.swift in Sources */ = {isa = PBXBuildFile; fileRef = EB54994B254ABBF400F411F4 /* MessagesLocalized.swift */; };
		EBB34413254C5F120024C9DE /* Settings.bundle in Resources */ = {isa = PBXBuildFile; fileRef = EBB34412254C5F120024C9DE /* Settings.bundle */; };
		EBB34418254C60800024C9DE /* SettingKeys.swift in Sources */ = {isa = PBXBuildFile; fileRef = EBB34417254C60800024C9DE /* SettingKeys.swift */; };
		EBBB851D254481EE0080B18A /* LoginAndRegister.storyboard in Resources */ = {isa = PBXBuildFile; fileRef = EBBB851C254481EE0080B18A /* LoginAndRegister.storyboard */; };
		EBD2A4842545A12F00A649C3 /* UIRoundedButton.swift in Sources */ = {isa = PBXBuildFile; fileRef = EBD2A4832545A12F00A649C3 /* UIRoundedButton.swift */; };
		EBD2A4A12545C95800A649C3 /* AnotesApi.swift in Sources */ = {isa = PBXBuildFile; fileRef = EBD2A4A02545C95800A649C3 /* AnotesApi.swift */; };
		EBD2A4A62545D0F100A649C3 /* User.swift in Sources */ = {isa = PBXBuildFile; fileRef = EBD2A4A52545D0F100A649C3 /* User.swift */; };
		EBD2A4AE2546B6A200A649C3 /* LoginViewController.swift in Sources */ = {isa = PBXBuildFile; fileRef = EBD2A4AD2546B6A200A649C3 /* LoginViewController.swift */; };
		EBD2A4B62547046100A649C3 /* RegisterViewController.swift in Sources */ = {isa = PBXBuildFile; fileRef = EBD2A4B52547046100A649C3 /* RegisterViewController.swift */; };
		EBD2A4BC254706F400A649C3 /* UserStore.swift in Sources */ = {isa = PBXBuildFile; fileRef = EBD2A4BB254706F400A649C3 /* UserStore.swift */; };
		EBD88F6125485A890095D6BB /* BarLabelItem.swift in Sources */ = {isa = PBXBuildFile; fileRef = EBD88F6025485A890095D6BB /* BarLabelItem.swift */; };
		EBE0C6F62548673C005C71CD /* MainNavigationController.swift in Sources */ = {isa = PBXBuildFile; fileRef = EBE0C6F52548673C005C71CD /* MainNavigationController.swift */; };
		EBE16F1125486471003DC84A /* NotesTableViewController.swift in Sources */ = {isa = PBXBuildFile; fileRef = EBE16F1025486471003DC84A /* NotesTableViewController.swift */; };
		EBF36AC6254825B500916F74 /* NoteStore.swift in Sources */ = {isa = PBXBuildFile; fileRef = EBF36AC5254825B500916F74 /* NoteStore.swift */; };
/* End PBXBuildFile section */

/* Begin PBXContainerItemProxy section */
		EB07E1492543F9C60047792B /* PBXContainerItemProxy */ = {
			isa = PBXContainerItemProxy;
			containerPortal = EB07E12A2543F9C40047792B /* Project object */;
			proxyType = 1;
			remoteGlobalIDString = EB07E1312543F9C40047792B;
			remoteInfo = ANotes;
		};
		EB07E1542543F9C60047792B /* PBXContainerItemProxy */ = {
			isa = PBXContainerItemProxy;
			containerPortal = EB07E12A2543F9C40047792B /* Project object */;
			proxyType = 1;
			remoteGlobalIDString = EB07E1312543F9C40047792B;
			remoteInfo = ANotes;
		};
/* End PBXContainerItemProxy section */

/* Begin PBXFileReference section */
		B270AF2B257E82780069E321 /* PinPass.storyboard */ = {isa = PBXFileReference; lastKnownFileType = file.storyboard; path = PinPass.storyboard; sourceTree = "<group>"; };
		B270AF30257E997E0069E321 /* PinPassViewController.swift */ = {isa = PBXFileReference; lastKnownFileType = sourcecode.swift; path = PinPassViewController.swift; sourceTree = "<group>"; };
		B282ED6E256F78FA0066DFC1 /* Note+CoreDataClass.swift */ = {isa = PBXFileReference; lastKnownFileType = sourcecode.swift; path = "Note+CoreDataClass.swift"; sourceTree = "<group>"; };
		B282ED6F256F78FA0066DFC1 /* Note+CoreDataProperties.swift */ = {isa = PBXFileReference; lastKnownFileType = sourcecode.swift; path = "Note+CoreDataProperties.swift"; sourceTree = "<group>"; };
		B282ED90256F89440066DFC1 /* CoreDataStack.swift */ = {isa = PBXFileReference; lastKnownFileType = sourcecode.swift; path = CoreDataStack.swift; sourceTree = "<group>"; };
		B2E5E94E25646ABF00D485D7 /* AnotesModel.xcdatamodel */ = {isa = PBXFileReference; lastKnownFileType = wrapper.xcdatamodel; path = AnotesModel.xcdatamodel; sourceTree = "<group>"; };
		EB0663382551B24E00EC36C5 /* NoteDetailViewController.swift */ = {isa = PBXFileReference; lastKnownFileType = sourcecode.swift; path = NoteDetailViewController.swift; sourceTree = "<group>"; };
		EB07E1322543F9C40047792B /* ANotes.app */ = {isa = PBXFileReference; explicitFileType = wrapper.application; includeInIndex = 0; path = ANotes.app; sourceTree = BUILT_PRODUCTS_DIR; };
		EB07E1352543F9C40047792B /* AppDelegate.swift */ = {isa = PBXFileReference; lastKnownFileType = sourcecode.swift; path = AppDelegate.swift; sourceTree = "<group>"; };
		EB07E1372543F9C40047792B /* SceneDelegate.swift */ = {isa = PBXFileReference; lastKnownFileType = sourcecode.swift; path = SceneDelegate.swift; sourceTree = "<group>"; };
		EB07E13C2543F9C40047792B /* Base */ = {isa = PBXFileReference; lastKnownFileType = file.storyboard; name = Base; path = Base.lproj/Main.storyboard; sourceTree = "<group>"; };
		EB07E13E2543F9C60047792B /* Assets.xcassets */ = {isa = PBXFileReference; lastKnownFileType = folder.assetcatalog; path = Assets.xcassets; sourceTree = "<group>"; };
		EB07E1412543F9C60047792B /* Base */ = {isa = PBXFileReference; lastKnownFileType = file.storyboard; name = Base; path = Base.lproj/LaunchScreen.storyboard; sourceTree = "<group>"; };
		EB07E1432543F9C60047792B /* Info.plist */ = {isa = PBXFileReference; lastKnownFileType = text.plist.xml; path = Info.plist; sourceTree = "<group>"; };
		EB07E1482543F9C60047792B /* ANotesTests.xctest */ = {isa = PBXFileReference; explicitFileType = wrapper.cfbundle; includeInIndex = 0; path = ANotesTests.xctest; sourceTree = BUILT_PRODUCTS_DIR; };
		EB07E1532543F9C60047792B /* ANotesUITests.xctest */ = {isa = PBXFileReference; explicitFileType = wrapper.cfbundle; includeInIndex = 0; path = ANotesUITests.xctest; sourceTree = BUILT_PRODUCTS_DIR; };
		EB0D913D254B3C2F000E7DA5 /* NoteDataSource.swift */ = {isa = PBXFileReference; lastKnownFileType = sourcecode.swift; path = NoteDataSource.swift; sourceTree = "<group>"; };
		EB0D9142254B3DED000E7DA5 /* NoteTableViewCell.swift */ = {isa = PBXFileReference; lastKnownFileType = sourcecode.swift; path = NoteTableViewCell.swift; sourceTree = "<group>"; };
		EB0D9147254B3F5C000E7DA5 /* UserDataSource.swift */ = {isa = PBXFileReference; lastKnownFileType = sourcecode.swift; path = UserDataSource.swift; sourceTree = "<group>"; };
		EB549934254AA67700F411F4 /* ErrorTitleLocalized.swift */ = {isa = PBXFileReference; lastKnownFileType = sourcecode.swift; path = ErrorTitleLocalized.swift; sourceTree = "<group>"; };
		EB54993C254AAA1400F411F4 /* ErrorMessageLocalized.swift */ = {isa = PBXFileReference; lastKnownFileType = sourcecode.swift; path = ErrorMessageLocalized.swift; sourceTree = "<group>"; };
		EB549941254ABB1000F411F4 /* ButtonLabelLocalized.swift */ = {isa = PBXFileReference; lastKnownFileType = sourcecode.swift; path = ButtonLabelLocalized.swift; sourceTree = "<group>"; };
		EB549946254ABBC200F411F4 /* TitleLocalized.swift */ = {isa = PBXFileReference; lastKnownFileType = sourcecode.swift; path = TitleLocalized.swift; sourceTree = "<group>"; };
		EB54994B254ABBF400F411F4 /* MessagesLocalized.swift */ = {isa = PBXFileReference; lastKnownFileType = sourcecode.swift; path = MessagesLocalized.swift; sourceTree = "<group>"; };
		EBB34412254C5F120024C9DE /* Settings.bundle */ = {isa = PBXFileReference; lastKnownFileType = "wrapper.plug-in"; path = Settings.bundle; sourceTree = "<group>"; };
		EBB34417254C60800024C9DE /* SettingKeys.swift */ = {isa = PBXFileReference; lastKnownFileType = sourcecode.swift; path = SettingKeys.swift; sourceTree = "<group>"; };
		EBBB851C254481EE0080B18A /* LoginAndRegister.storyboard */ = {isa = PBXFileReference; lastKnownFileType = file.storyboard; path = LoginAndRegister.storyboard; sourceTree = "<group>"; };
		EBD2A4832545A12F00A649C3 /* UIRoundedButton.swift */ = {isa = PBXFileReference; lastKnownFileType = sourcecode.swift; path = UIRoundedButton.swift; sourceTree = "<group>"; };
		EBD2A4A02545C95800A649C3 /* AnotesApi.swift */ = {isa = PBXFileReference; lastKnownFileType = sourcecode.swift; path = AnotesApi.swift; sourceTree = "<group>"; };
		EBD2A4A52545D0F100A649C3 /* User.swift */ = {isa = PBXFileReference; lastKnownFileType = sourcecode.swift; path = User.swift; sourceTree = "<group>"; };
		EBD2A4AD2546B6A200A649C3 /* LoginViewController.swift */ = {isa = PBXFileReference; lastKnownFileType = sourcecode.swift; path = LoginViewController.swift; sourceTree = "<group>"; };
		EBD2A4B52547046100A649C3 /* RegisterViewController.swift */ = {isa = PBXFileReference; lastKnownFileType = sourcecode.swift; path = RegisterViewController.swift; sourceTree = "<group>"; };
		EBD2A4BB254706F400A649C3 /* UserStore.swift */ = {isa = PBXFileReference; lastKnownFileType = sourcecode.swift; path = UserStore.swift; sourceTree = "<group>"; };
		EBD88F6025485A890095D6BB /* BarLabelItem.swift */ = {isa = PBXFileReference; lastKnownFileType = sourcecode.swift; path = BarLabelItem.swift; sourceTree = "<group>"; };
		EBE0C6F52548673C005C71CD /* MainNavigationController.swift */ = {isa = PBXFileReference; lastKnownFileType = sourcecode.swift; path = MainNavigationController.swift; sourceTree = "<group>"; };
		EBE16F1025486471003DC84A /* NotesTableViewController.swift */ = {isa = PBXFileReference; lastKnownFileType = sourcecode.swift; path = NotesTableViewController.swift; sourceTree = "<group>"; };
		EBF36AC5254825B500916F74 /* NoteStore.swift */ = {isa = PBXFileReference; lastKnownFileType = sourcecode.swift; path = NoteStore.swift; sourceTree = "<group>"; };
/* End PBXFileReference section */

/* Begin PBXFrameworksBuildPhase section */
		EB07E12F2543F9C40047792B /* Frameworks */ = {
			isa = PBXFrameworksBuildPhase;
			buildActionMask = 2147483647;
			files = (
			);
			runOnlyForDeploymentPostprocessing = 0;
		};
		EB07E1452543F9C60047792B /* Frameworks */ = {
			isa = PBXFrameworksBuildPhase;
			buildActionMask = 2147483647;
			files = (
			);
			runOnlyForDeploymentPostprocessing = 0;
		};
		EB07E1502543F9C60047792B /* Frameworks */ = {
			isa = PBXFrameworksBuildPhase;
			buildActionMask = 2147483647;
			files = (
			);
			runOnlyForDeploymentPostprocessing = 0;
		};
/* End PBXFrameworksBuildPhase section */

/* Begin PBXGroup section */
		EB07E1292543F9C40047792B = {
			isa = PBXGroup;
			children = (
				EB07E1342543F9C40047792B /* ANotes */,
				EB07E1332543F9C40047792B /* Products */,
			);
			sourceTree = "<group>";
		};
		EB07E1332543F9C40047792B /* Products */ = {
			isa = PBXGroup;
			children = (
				EB07E1322543F9C40047792B /* ANotes.app */,
				EB07E1482543F9C60047792B /* ANotesTests.xctest */,
				EB07E1532543F9C60047792B /* ANotesUITests.xctest */,
			);
			name = Products;
			sourceTree = "<group>";
		};
		EB07E1342543F9C40047792B /* ANotes */ = {
			isa = PBXGroup;
			children = (
				B2E5E94D25646ABF00D485D7 /* AnotesModel.xcdatamodeld */,
				EBD2A4992545C74100A649C3 /* api */,
				EB07E1352543F9C40047792B /* AppDelegate.swift */,
				EB07E13E2543F9C60047792B /* Assets.xcassets */,
				EBD88F6025485A890095D6BB /* BarLabelItem.swift */,
				EB0D913C254B3C15000E7DA5 /* dataSources */,
				EB07E1432543F9C60047792B /* Info.plist */,
				EB07E1402543F9C60047792B /* LaunchScreen.storyboard */,
				EB549933254AA64F00F411F4 /* LocalizedConstants */,
				EBBB851C254481EE0080B18A /* LoginAndRegister.storyboard */,
				EBD2A4AD2546B6A200A649C3 /* LoginViewController.swift */,
				EB07E13B2543F9C40047792B /* Main.storyboard */,
				B270AF2B257E82780069E321 /* PinPass.storyboard */,
				EBE0C6F52548673C005C71CD /* MainNavigationController.swift */,
				EBD2A49A2545C74B00A649C3 /* model */,
				EB0663382551B24E00EC36C5 /* NoteDetailViewController.swift */,
				EBE16F1025486471003DC84A /* NotesTableViewController.swift */,
				EB0D9142254B3DED000E7DA5 /* NoteTableViewCell.swift */,
				EBD2A4B52547046100A649C3 /* RegisterViewController.swift */,
				EB07E1372543F9C40047792B /* SceneDelegate.swift */,
				B270AF30257E997E0069E321 /* PinPassViewController.swift */,
				EBB34417254C60800024C9DE /* SettingKeys.swift */,
				EBB34412254C5F120024C9DE /* Settings.bundle */,
				EBD2A4BA254706E500A649C3 /* stores */,
				EBD2A4832545A12F00A649C3 /* UIRoundedButton.swift */,
			);
			path = ANotes;
			sourceTree = "<group>";
		};
		EB0D913C254B3C15000E7DA5 /* dataSources */ = {
			isa = PBXGroup;
			children = (
				EB0D913D254B3C2F000E7DA5 /* NoteDataSource.swift */,
				EB0D9147254B3F5C000E7DA5 /* UserDataSource.swift */,
			);
			path = dataSources;
			sourceTree = "<group>";
		};
		EB549933254AA64F00F411F4 /* LocalizedConstants */ = {
			isa = PBXGroup;
			children = (
				EB549934254AA67700F411F4 /* ErrorTitleLocalized.swift */,
				EB549946254ABBC200F411F4 /* TitleLocalized.swift */,
				EB549941254ABB1000F411F4 /* ButtonLabelLocalized.swift */,
				EB54994B254ABBF400F411F4 /* MessagesLocalized.swift */,
				EB54993C254AAA1400F411F4 /* ErrorMessageLocalized.swift */,
			);
			path = LocalizedConstants;
			sourceTree = "<group>";
		};
		EBD2A4992545C74100A649C3 /* api */ = {
			isa = PBXGroup;
			children = (
				EBD2A4A02545C95800A649C3 /* AnotesApi.swift */,
			);
			path = api;
			sourceTree = "<group>";
		};
		EBD2A49A2545C74B00A649C3 /* model */ = {
			isa = PBXGroup;
			children = (
				B282ED6E256F78FA0066DFC1 /* Note+CoreDataClass.swift */,
				B282ED6F256F78FA0066DFC1 /* Note+CoreDataProperties.swift */,
				EBD2A4A52545D0F100A649C3 /* User.swift */,
				B282ED90256F89440066DFC1 /* CoreDataStack.swift */,
			);
			path = model;
			sourceTree = "<group>";
		};
		EBD2A4BA254706E500A649C3 /* stores */ = {
			isa = PBXGroup;
			children = (
				EBD2A4BB254706F400A649C3 /* UserStore.swift */,
				EBF36AC5254825B500916F74 /* NoteStore.swift */,
			);
			path = stores;
			sourceTree = "<group>";
		};
/* End PBXGroup section */

/* Begin PBXNativeTarget section */
		EB07E1312543F9C40047792B /* ANotes */ = {
			isa = PBXNativeTarget;
			buildConfigurationList = EB07E15C2543F9C60047792B /* Build configuration list for PBXNativeTarget "ANotes" */;
			buildPhases = (
				EB07E12E2543F9C40047792B /* Sources */,
				EB07E12F2543F9C40047792B /* Frameworks */,
				EB07E1302543F9C40047792B /* Resources */,
			);
			buildRules = (
			);
			dependencies = (
			);
			name = ANotes;
			productName = ANotes;
			productReference = EB07E1322543F9C40047792B /* ANotes.app */;
			productType = "com.apple.product-type.application";
		};
		EB07E1472543F9C60047792B /* ANotesTests */ = {
			isa = PBXNativeTarget;
			buildConfigurationList = EB07E15F2543F9C60047792B /* Build configuration list for PBXNativeTarget "ANotesTests" */;
			buildPhases = (
				EB07E1442543F9C60047792B /* Sources */,
				EB07E1452543F9C60047792B /* Frameworks */,
				EB07E1462543F9C60047792B /* Resources */,
			);
			buildRules = (
			);
			dependencies = (
				EB07E14A2543F9C60047792B /* PBXTargetDependency */,
			);
			name = ANotesTests;
			productName = ANotesTests;
			productReference = EB07E1482543F9C60047792B /* ANotesTests.xctest */;
			productType = "com.apple.product-type.bundle.unit-test";
		};
		EB07E1522543F9C60047792B /* ANotesUITests */ = {
			isa = PBXNativeTarget;
			buildConfigurationList = EB07E1622543F9C60047792B /* Build configuration list for PBXNativeTarget "ANotesUITests" */;
			buildPhases = (
				EB07E14F2543F9C60047792B /* Sources */,
				EB07E1502543F9C60047792B /* Frameworks */,
				EB07E1512543F9C60047792B /* Resources */,
			);
			buildRules = (
			);
			dependencies = (
				EB07E1552543F9C60047792B /* PBXTargetDependency */,
			);
			name = ANotesUITests;
			productName = ANotesUITests;
			productReference = EB07E1532543F9C60047792B /* ANotesUITests.xctest */;
			productType = "com.apple.product-type.bundle.ui-testing";
		};
/* End PBXNativeTarget section */

/* Begin PBXProject section */
		EB07E12A2543F9C40047792B /* Project object */ = {
			isa = PBXProject;
			attributes = {
				LastSwiftUpdateCheck = 1210;
				LastUpgradeCheck = 1210;
				TargetAttributes = {
					EB07E1312543F9C40047792B = {
						CreatedOnToolsVersion = 12.1;
					};
					EB07E1472543F9C60047792B = {
						CreatedOnToolsVersion = 12.1;
						TestTargetID = EB07E1312543F9C40047792B;
					};
					EB07E1522543F9C60047792B = {
						CreatedOnToolsVersion = 12.1;
						TestTargetID = EB07E1312543F9C40047792B;
					};
				};
			};
			buildConfigurationList = EB07E12D2543F9C40047792B /* Build configuration list for PBXProject "ANotes" */;
			compatibilityVersion = "Xcode 9.3";
			developmentRegion = en;
			hasScannedForEncodings = 0;
			knownRegions = (
				en,
				Base,
			);
			mainGroup = EB07E1292543F9C40047792B;
			productRefGroup = EB07E1332543F9C40047792B /* Products */;
			projectDirPath = "";
			projectRoot = "";
			targets = (
				EB07E1312543F9C40047792B /* ANotes */,
				EB07E1472543F9C60047792B /* ANotesTests */,
				EB07E1522543F9C60047792B /* ANotesUITests */,
			);
		};
/* End PBXProject section */

/* Begin PBXResourcesBuildPhase section */
		EB07E1302543F9C40047792B /* Resources */ = {
			isa = PBXResourcesBuildPhase;
			buildActionMask = 2147483647;
			files = (
				EB07E1422543F9C60047792B /* LaunchScreen.storyboard in Resources */,
				B270AF2C257E82780069E321 /* PinPass.storyboard in Resources */,
				EB07E13F2543F9C60047792B /* Assets.xcassets in Resources */,
				EBB34413254C5F120024C9DE /* Settings.bundle in Resources */,
				EB07E13D2543F9C40047792B /* Main.storyboard in Resources */,
				EBBB851D254481EE0080B18A /* LoginAndRegister.storyboard in Resources */,
			);
			runOnlyForDeploymentPostprocessing = 0;
		};
		EB07E1462543F9C60047792B /* Resources */ = {
			isa = PBXResourcesBuildPhase;
			buildActionMask = 2147483647;
			files = (
			);
			runOnlyForDeploymentPostprocessing = 0;
		};
		EB07E1512543F9C60047792B /* Resources */ = {
			isa = PBXResourcesBuildPhase;
			buildActionMask = 2147483647;
			files = (
			);
			runOnlyForDeploymentPostprocessing = 0;
		};
/* End PBXResourcesBuildPhase section */

/* Begin PBXSourcesBuildPhase section */
		EB07E12E2543F9C40047792B /* Sources */ = {
			isa = PBXSourcesBuildPhase;
			buildActionMask = 2147483647;
			files = (
				EB549935254AA67700F411F4 /* ErrorTitleLocalized.swift in Sources */,
				EBD2A4B62547046100A649C3 /* RegisterViewController.swift in Sources */,
				EB0D913E254B3C2F000E7DA5 /* NoteDataSource.swift in Sources */,
				EBD2A4A12545C95800A649C3 /* AnotesApi.swift in Sources */,
				B282ED71256F78FA0066DFC1 /* Note+CoreDataProperties.swift in Sources */,
				EB549947254ABBC200F411F4 /* TitleLocalized.swift in Sources */,
				EB07E1362543F9C40047792B /* AppDelegate.swift in Sources */,
				EBD88F6125485A890095D6BB /* BarLabelItem.swift in Sources */,
				B270AF31257E997E0069E321 /* PinPassViewController.swift in Sources */,
				EBB34418254C60800024C9DE /* SettingKeys.swift in Sources */,
				EB0D9143254B3DED000E7DA5 /* NoteTableViewCell.swift in Sources */,
				EB07E1382543F9C40047792B /* SceneDelegate.swift in Sources */,
				B2E5E94F25646ABF00D485D7 /* AnotesModel.xcdatamodeld in Sources */,
				EB0663392551B24E00EC36C5 /* NoteDetailViewController.swift in Sources */,
				EBD2A4BC254706F400A649C3 /* UserStore.swift in Sources */,
				EB549942254ABB1000F411F4 /* ButtonLabelLocalized.swift in Sources */,
				EBD2A4842545A12F00A649C3 /* UIRoundedButton.swift in Sources */,
				EBD2A4A62545D0F100A649C3 /* User.swift in Sources */,
				EBE16F1125486471003DC84A /* NotesTableViewController.swift in Sources */,
				EBF36AC6254825B500916F74 /* NoteStore.swift in Sources */,
				B282ED91256F89440066DFC1 /* CoreDataStack.swift in Sources */,
				EBE0C6F62548673C005C71CD /* MainNavigationController.swift in Sources */,
				EB54994C254ABBF400F411F4 /* MessagesLocalized.swift in Sources */,
				EBD2A4AE2546B6A200A649C3 /* LoginViewController.swift in Sources */,
				B282ED70256F78FA0066DFC1 /* Note+CoreDataClass.swift in Sources */,
				EB0D9148254B3F5C000E7DA5 /* UserDataSource.swift in Sources */,
				EB54993D254AAA1400F411F4 /* ErrorMessageLocalized.swift in Sources */,
			);
			runOnlyForDeploymentPostprocessing = 0;
		};
		EB07E1442543F9C60047792B /* Sources */ = {
			isa = PBXSourcesBuildPhase;
			buildActionMask = 2147483647;
			files = (
			);
			runOnlyForDeploymentPostprocessing = 0;
		};
		EB07E14F2543F9C60047792B /* Sources */ = {
			isa = PBXSourcesBuildPhase;
			buildActionMask = 2147483647;
			files = (
			);
			runOnlyForDeploymentPostprocessing = 0;
		};
/* End PBXSourcesBuildPhase section */

/* Begin PBXTargetDependency section */
		EB07E14A2543F9C60047792B /* PBXTargetDependency */ = {
			isa = PBXTargetDependency;
			target = EB07E1312543F9C40047792B /* ANotes */;
			targetProxy = EB07E1492543F9C60047792B /* PBXContainerItemProxy */;
		};
		EB07E1552543F9C60047792B /* PBXTargetDependency */ = {
			isa = PBXTargetDependency;
			target = EB07E1312543F9C40047792B /* ANotes */;
			targetProxy = EB07E1542543F9C60047792B /* PBXContainerItemProxy */;
		};
/* End PBXTargetDependency section */

/* Begin PBXVariantGroup section */
		EB07E13B2543F9C40047792B /* Main.storyboard */ = {
			isa = PBXVariantGroup;
			children = (
				EB07E13C2543F9C40047792B /* Base */,
			);
			name = Main.storyboard;
			sourceTree = "<group>";
		};
		EB07E1402543F9C60047792B /* LaunchScreen.storyboard */ = {
			isa = PBXVariantGroup;
			children = (
				EB07E1412543F9C60047792B /* Base */,
			);
			name = LaunchScreen.storyboard;
			sourceTree = "<group>";
		};
/* End PBXVariantGroup section */

/* Begin XCBuildConfiguration section */
		EB07E15A2543F9C60047792B /* Debug */ = {
			isa = XCBuildConfiguration;
			buildSettings = {
				ALWAYS_SEARCH_USER_PATHS = NO;
				CLANG_ANALYZER_NONNULL = YES;
				CLANG_ANALYZER_NUMBER_OBJECT_CONVERSION = YES_AGGRESSIVE;
				CLANG_CXX_LANGUAGE_STANDARD = "gnu++14";
				CLANG_CXX_LIBRARY = "libc++";
				CLANG_ENABLE_MODULES = YES;
				CLANG_ENABLE_OBJC_ARC = YES;
				CLANG_ENABLE_OBJC_WEAK = YES;
				CLANG_WARN_BLOCK_CAPTURE_AUTORELEASING = YES;
				CLANG_WARN_BOOL_CONVERSION = YES;
				CLANG_WARN_COMMA = YES;
				CLANG_WARN_CONSTANT_CONVERSION = YES;
				CLANG_WARN_DEPRECATED_OBJC_IMPLEMENTATIONS = YES;
				CLANG_WARN_DIRECT_OBJC_ISA_USAGE = YES_ERROR;
				CLANG_WARN_DOCUMENTATION_COMMENTS = YES;
				CLANG_WARN_EMPTY_BODY = YES;
				CLANG_WARN_ENUM_CONVERSION = YES;
				CLANG_WARN_INFINITE_RECURSION = YES;
				CLANG_WARN_INT_CONVERSION = YES;
				CLANG_WARN_NON_LITERAL_NULL_CONVERSION = YES;
				CLANG_WARN_OBJC_IMPLICIT_RETAIN_SELF = YES;
				CLANG_WARN_OBJC_LITERAL_CONVERSION = YES;
				CLANG_WARN_OBJC_ROOT_CLASS = YES_ERROR;
				CLANG_WARN_QUOTED_INCLUDE_IN_FRAMEWORK_HEADER = YES;
				CLANG_WARN_RANGE_LOOP_ANALYSIS = YES;
				CLANG_WARN_STRICT_PROTOTYPES = YES;
				CLANG_WARN_SUSPICIOUS_MOVE = YES;
				CLANG_WARN_UNGUARDED_AVAILABILITY = YES_AGGRESSIVE;
				CLANG_WARN_UNREACHABLE_CODE = YES;
				CLANG_WARN__DUPLICATE_METHOD_MATCH = YES;
				COPY_PHASE_STRIP = NO;
				DEBUG_INFORMATION_FORMAT = dwarf;
				ENABLE_STRICT_OBJC_MSGSEND = YES;
				ENABLE_TESTABILITY = YES;
				GCC_C_LANGUAGE_STANDARD = gnu11;
				GCC_DYNAMIC_NO_PIC = NO;
				GCC_NO_COMMON_BLOCKS = YES;
				GCC_OPTIMIZATION_LEVEL = 0;
				GCC_PREPROCESSOR_DEFINITIONS = (
					"DEBUG=1",
					"$(inherited)",
				);
				GCC_WARN_64_TO_32_BIT_CONVERSION = YES;
				GCC_WARN_ABOUT_RETURN_TYPE = YES_ERROR;
				GCC_WARN_UNDECLARED_SELECTOR = YES;
				GCC_WARN_UNINITIALIZED_AUTOS = YES_AGGRESSIVE;
				GCC_WARN_UNUSED_FUNCTION = YES;
				GCC_WARN_UNUSED_VARIABLE = YES;
				IPHONEOS_DEPLOYMENT_TARGET = 14.1;
				MTL_ENABLE_DEBUG_INFO = INCLUDE_SOURCE;
				MTL_FAST_MATH = YES;
				ONLY_ACTIVE_ARCH = YES;
				SDKROOT = iphoneos;
				SWIFT_ACTIVE_COMPILATION_CONDITIONS = DEBUG;
				SWIFT_OPTIMIZATION_LEVEL = "-Onone";
			};
			name = Debug;
		};
		EB07E15B2543F9C60047792B /* Release */ = {
			isa = XCBuildConfiguration;
			buildSettings = {
				ALWAYS_SEARCH_USER_PATHS = NO;
				CLANG_ANALYZER_NONNULL = YES;
				CLANG_ANALYZER_NUMBER_OBJECT_CONVERSION = YES_AGGRESSIVE;
				CLANG_CXX_LANGUAGE_STANDARD = "gnu++14";
				CLANG_CXX_LIBRARY = "libc++";
				CLANG_ENABLE_MODULES = YES;
				CLANG_ENABLE_OBJC_ARC = YES;
				CLANG_ENABLE_OBJC_WEAK = YES;
				CLANG_WARN_BLOCK_CAPTURE_AUTORELEASING = YES;
				CLANG_WARN_BOOL_CONVERSION = YES;
				CLANG_WARN_COMMA = YES;
				CLANG_WARN_CONSTANT_CONVERSION = YES;
				CLANG_WARN_DEPRECATED_OBJC_IMPLEMENTATIONS = YES;
				CLANG_WARN_DIRECT_OBJC_ISA_USAGE = YES_ERROR;
				CLANG_WARN_DOCUMENTATION_COMMENTS = YES;
				CLANG_WARN_EMPTY_BODY = YES;
				CLANG_WARN_ENUM_CONVERSION = YES;
				CLANG_WARN_INFINITE_RECURSION = YES;
				CLANG_WARN_INT_CONVERSION = YES;
				CLANG_WARN_NON_LITERAL_NULL_CONVERSION = YES;
				CLANG_WARN_OBJC_IMPLICIT_RETAIN_SELF = YES;
				CLANG_WARN_OBJC_LITERAL_CONVERSION = YES;
				CLANG_WARN_OBJC_ROOT_CLASS = YES_ERROR;
				CLANG_WARN_QUOTED_INCLUDE_IN_FRAMEWORK_HEADER = YES;
				CLANG_WARN_RANGE_LOOP_ANALYSIS = YES;
				CLANG_WARN_STRICT_PROTOTYPES = YES;
				CLANG_WARN_SUSPICIOUS_MOVE = YES;
				CLANG_WARN_UNGUARDED_AVAILABILITY = YES_AGGRESSIVE;
				CLANG_WARN_UNREACHABLE_CODE = YES;
				CLANG_WARN__DUPLICATE_METHOD_MATCH = YES;
				COPY_PHASE_STRIP = NO;
				DEBUG_INFORMATION_FORMAT = "dwarf-with-dsym";
				ENABLE_NS_ASSERTIONS = NO;
				ENABLE_STRICT_OBJC_MSGSEND = YES;
				GCC_C_LANGUAGE_STANDARD = gnu11;
				GCC_NO_COMMON_BLOCKS = YES;
				GCC_WARN_64_TO_32_BIT_CONVERSION = YES;
				GCC_WARN_ABOUT_RETURN_TYPE = YES_ERROR;
				GCC_WARN_UNDECLARED_SELECTOR = YES;
				GCC_WARN_UNINITIALIZED_AUTOS = YES_AGGRESSIVE;
				GCC_WARN_UNUSED_FUNCTION = YES;
				GCC_WARN_UNUSED_VARIABLE = YES;
				IPHONEOS_DEPLOYMENT_TARGET = 14.1;
				MTL_ENABLE_DEBUG_INFO = NO;
				MTL_FAST_MATH = YES;
				SDKROOT = iphoneos;
				SWIFT_COMPILATION_MODE = wholemodule;
				SWIFT_OPTIMIZATION_LEVEL = "-O";
				VALIDATE_PRODUCT = YES;
			};
			name = Release;
		};
		EB07E15D2543F9C60047792B /* Debug */ = {
			isa = XCBuildConfiguration;
			buildSettings = {
				ASSETCATALOG_COMPILER_APPICON_NAME = AppIcon;
				ASSETCATALOG_COMPILER_GLOBAL_ACCENT_COLOR_NAME = AccentColor;
				CODE_SIGN_ENTITLEMENTS = ANotes/ANotes.entitlements;
				CODE_SIGN_IDENTITY = "Apple Development";
				CODE_SIGN_STYLE = Automatic;
				DEVELOPMENT_TEAM = 6X28Q466AN;
				INFOPLIST_FILE = ANotes/Info.plist;
				LD_RUNPATH_SEARCH_PATHS = (
					"$(inherited)",
					"@executable_path/Frameworks",
				);
				PRODUCT_BUNDLE_IDENTIFIER = test.ANotes;
				PRODUCT_NAME = "$(TARGET_NAME)";
				PROVISIONING_PROFILE_SPECIFIER = "";
				SWIFT_VERSION = 5.0;
				TARGETED_DEVICE_FAMILY = "1,2";
			};
			name = Debug;
		};
		EB07E15E2543F9C60047792B /* Release */ = {
			isa = XCBuildConfiguration;
			buildSettings = {
				ASSETCATALOG_COMPILER_APPICON_NAME = AppIcon;
				ASSETCATALOG_COMPILER_GLOBAL_ACCENT_COLOR_NAME = AccentColor;
				CODE_SIGN_ENTITLEMENTS = ANotes/ANotes.entitlements;
				CODE_SIGN_IDENTITY = "Apple Development";
				CODE_SIGN_STYLE = Automatic;
				DEVELOPMENT_TEAM = 6X28Q466AN;
				INFOPLIST_FILE = ANotes/Info.plist;
				LD_RUNPATH_SEARCH_PATHS = (
					"$(inherited)",
					"@executable_path/Frameworks",
				);
				PRODUCT_BUNDLE_IDENTIFIER = test.ANotes;
				PRODUCT_NAME = "$(TARGET_NAME)";
				PROVISIONING_PROFILE_SPECIFIER = "";
				SWIFT_VERSION = 5.0;
				TARGETED_DEVICE_FAMILY = "1,2";
			};
			name = Release;
		};
		EB07E1602543F9C60047792B /* Debug */ = {
			isa = XCBuildConfiguration;
			buildSettings = {
				ALWAYS_EMBED_SWIFT_STANDARD_LIBRARIES = YES;
				BUNDLE_LOADER = "$(TEST_HOST)";
				CODE_SIGN_STYLE = Automatic;
				DEVELOPMENT_TEAM = 6X28Q466AN;
				INFOPLIST_FILE = ANotesTests/Info.plist;
				IPHONEOS_DEPLOYMENT_TARGET = 14.1;
				LD_RUNPATH_SEARCH_PATHS = (
					"$(inherited)",
					"@executable_path/Frameworks",
					"@loader_path/Frameworks",
				);
				PRODUCT_BUNDLE_IDENTIFIER = test.ANotesTests;
				PRODUCT_NAME = "$(TARGET_NAME)";
				SWIFT_VERSION = 5.0;
				TARGETED_DEVICE_FAMILY = "1,2";
				TEST_HOST = "$(BUILT_PRODUCTS_DIR)/ANotes.app/ANotes";
			};
			name = Debug;
		};
		EB07E1612543F9C60047792B /* Release */ = {
			isa = XCBuildConfiguration;
			buildSettings = {
				ALWAYS_EMBED_SWIFT_STANDARD_LIBRARIES = YES;
				BUNDLE_LOADER = "$(TEST_HOST)";
				CODE_SIGN_STYLE = Automatic;
				DEVELOPMENT_TEAM = 6X28Q466AN;
				INFOPLIST_FILE = ANotesTests/Info.plist;
				IPHONEOS_DEPLOYMENT_TARGET = 14.1;
				LD_RUNPATH_SEARCH_PATHS = (
					"$(inherited)",
					"@executable_path/Frameworks",
					"@loader_path/Frameworks",
				);
				PRODUCT_BUNDLE_IDENTIFIER = test.ANotesTests;
				PRODUCT_NAME = "$(TARGET_NAME)";
				SWIFT_VERSION = 5.0;
				TARGETED_DEVICE_FAMILY = "1,2";
				TEST_HOST = "$(BUILT_PRODUCTS_DIR)/ANotes.app/ANotes";
			};
			name = Release;
		};
		EB07E1632543F9C60047792B /* Debug */ = {
			isa = XCBuildConfiguration;
			buildSettings = {
				ALWAYS_EMBED_SWIFT_STANDARD_LIBRARIES = YES;
				CODE_SIGN_STYLE = Automatic;
				DEVELOPMENT_TEAM = 6X28Q466AN;
				INFOPLIST_FILE = ANotesUITests/Info.plist;
				LD_RUNPATH_SEARCH_PATHS = (
					"$(inherited)",
					"@executable_path/Frameworks",
					"@loader_path/Frameworks",
				);
				PRODUCT_BUNDLE_IDENTIFIER = test.ANotesUITests;
				PRODUCT_NAME = "$(TARGET_NAME)";
				SWIFT_VERSION = 5.0;
				TARGETED_DEVICE_FAMILY = "1,2";
				TEST_TARGET_NAME = ANotes;
			};
			name = Debug;
		};
		EB07E1642543F9C60047792B /* Release */ = {
			isa = XCBuildConfiguration;
			buildSettings = {
				ALWAYS_EMBED_SWIFT_STANDARD_LIBRARIES = YES;
				CODE_SIGN_STYLE = Automatic;
				DEVELOPMENT_TEAM = 6X28Q466AN;
				INFOPLIST_FILE = ANotesUITests/Info.plist;
				LD_RUNPATH_SEARCH_PATHS = (
					"$(inherited)",
					"@executable_path/Frameworks",
					"@loader_path/Frameworks",
				);
				PRODUCT_BUNDLE_IDENTIFIER = test.ANotesUITests;
				PRODUCT_NAME = "$(TARGET_NAME)";
				SWIFT_VERSION = 5.0;
				TARGETED_DEVICE_FAMILY = "1,2";
				TEST_TARGET_NAME = ANotes;
			};
			name = Release;
		};
/* End XCBuildConfiguration section */

/* Begin XCConfigurationList section */
		EB07E12D2543F9C40047792B /* Build configuration list for PBXProject "ANotes" */ = {
			isa = XCConfigurationList;
			buildConfigurations = (
				EB07E15A2543F9C60047792B /* Debug */,
				EB07E15B2543F9C60047792B /* Release */,
			);
			defaultConfigurationIsVisible = 0;
			defaultConfigurationName = Release;
		};
		EB07E15C2543F9C60047792B /* Build configuration list for PBXNativeTarget "ANotes" */ = {
			isa = XCConfigurationList;
			buildConfigurations = (
				EB07E15D2543F9C60047792B /* Debug */,
				EB07E15E2543F9C60047792B /* Release */,
			);
			defaultConfigurationIsVisible = 0;
			defaultConfigurationName = Release;
		};
		EB07E15F2543F9C60047792B /* Build configuration list for PBXNativeTarget "ANotesTests" */ = {
			isa = XCConfigurationList;
			buildConfigurations = (
				EB07E1602543F9C60047792B /* Debug */,
				EB07E1612543F9C60047792B /* Release */,
			);
			defaultConfigurationIsVisible = 0;
			defaultConfigurationName = Release;
		};
		EB07E1622543F9C60047792B /* Build configuration list for PBXNativeTarget "ANotesUITests" */ = {
			isa = XCConfigurationList;
			buildConfigurations = (
				EB07E1632543F9C60047792B /* Debug */,
				EB07E1642543F9C60047792B /* Release */,
			);
			defaultConfigurationIsVisible = 0;
			defaultConfigurationName = Release;
		};
/* End XCConfigurationList section */

/* Begin XCVersionGroup section */
		B2E5E94D25646ABF00D485D7 /* AnotesModel.xcdatamodeld */ = {
			isa = XCVersionGroup;
			children = (
				B2E5E94E25646ABF00D485D7 /* AnotesModel.xcdatamodel */,
			);
			currentVersion = B2E5E94E25646ABF00D485D7 /* AnotesModel.xcdatamodel */;
			path = AnotesModel.xcdatamodeld;
			sourceTree = "<group>";
			versionGroupType = wrapper.xcdatamodel;
		};
/* End XCVersionGroup section */
	};
	rootObject = EB07E12A2543F9C40047792B /* Project object */;
}
